
Microsoft Visual Studio Solution File, Format Version 12.00
# Visual Studio 15
VisualStudioVersion = 15.0.28010.2050
MinimumVisualStudioVersion = 10.0.40219.1
Project("{FAE04EC0-301F-11D3-BF4B-00C04F79EFBC}") = "Swagger_ui_custom", "Swagger_ui_custom\Swagger_ui_custom.csproj", "{B42A9026-DE86-4833-B892-4B968CF3E984}"
EndProject
Global
	GlobalSection(SolutionConfigurationPlatforms) = preSolution
		Debug|Any CPU = Debug|Any CPU
		Release|Any CPU = Release|Any CPU
	EndGlobalSection
	GlobalSection(ProjectConfigurationPlatforms) = postSolution
		{B42A9026-DE86-4833-B892-4B968CF3E984}.Debug|Any CPU.ActiveCfg = Debug|Any CPU
		{B42A9026-DE86-4833-B892-4B968CF3E984}.Debug|Any CPU.Build.0 = Debug|Any CPU
		{B42A9026-DE86-4833-B892-4B968CF3E984}.Release|Any CPU.ActiveCfg = Release|Any CPU
		{B42A9026-DE86-4833-B892-4B968CF3E984}.Release|Any CPU.Build.0 = Release|Any CPU
	EndGlobalSection
	GlobalSection(SolutionProperties) = preSolution
		HideSolutionNode = FALSE
	EndGlobalSection
	GlobalSection(ExtensibilityGlobals) = postSolution
		SolutionGuid = {3B7AEA18-EFFD-40B6-B3BB-C0A026CA78DE}
	EndGlobalSection
EndGlobal
